
Microsoft Visual Studio Solution File, Format Version 12.00
# Visual Studio Version 17
VisualStudioVersion = 17.1.32319.34
MinimumVisualStudioVersion = 10.0.40219.1
Project("{9A19103F-16F7-4668-BE54-9A1E7A4F7556}") = "TestBot.WPF", "TestBot.WRF\TestBot.WPF.csproj", "{CEB16ED2-096F-441C-8F70-C2F06740E697}"
EndProject
Project("{9A19103F-16F7-4668-BE54-9A1E7A4F7556}") = "TestBot.BLL", "TestBot.BLL\TestBot.BLL.csproj", "{C633CB1B-F1E4-4D10-86AA-E5CDCFF39850}"
EndProject
Project("{FAE04EC0-301F-11D3-BF4B-00C04F79EFBC}") = "TestBot.Tests", "TestBot.Tests\TestBot.Tests.csproj", "{ADD17156-6607-4373-97DF-8A34F72E810D}"
EndProject
Global
	GlobalSection(SolutionConfigurationPlatforms) = preSolution
		Debug|Any CPU = Debug|Any CPU
		Release|Any CPU = Release|Any CPU
	EndGlobalSection
	GlobalSection(ProjectConfigurationPlatforms) = postSolution
		{CEB16ED2-096F-441C-8F70-C2F06740E697}.Debug|Any CPU.ActiveCfg = Debug|Any CPU
		{CEB16ED2-096F-441C-8F70-C2F06740E697}.Debug|Any CPU.Build.0 = Debug|Any CPU
		{CEB16ED2-096F-441C-8F70-C2F06740E697}.Release|Any CPU.ActiveCfg = Release|Any CPU
		{CEB16ED2-096F-441C-8F70-C2F06740E697}.Release|Any CPU.Build.0 = Release|Any CPU
		{C633CB1B-F1E4-4D10-86AA-E5CDCFF39850}.Debug|Any CPU.ActiveCfg = Debug|Any CPU
		{C633CB1B-F1E4-4D10-86AA-E5CDCFF39850}.Debug|Any CPU.Build.0 = Debug|Any CPU
		{C633CB1B-F1E4-4D10-86AA-E5CDCFF39850}.Release|Any CPU.ActiveCfg = Release|Any CPU
		{C633CB1B-F1E4-4D10-86AA-E5CDCFF39850}.Release|Any CPU.Build.0 = Release|Any CPU
		{ADD17156-6607-4373-97DF-8A34F72E810D}.Debug|Any CPU.ActiveCfg = Debug|Any CPU
		{ADD17156-6607-4373-97DF-8A34F72E810D}.Debug|Any CPU.Build.0 = Debug|Any CPU
		{ADD17156-6607-4373-97DF-8A34F72E810D}.Release|Any CPU.ActiveCfg = Release|Any CPU
		{ADD17156-6607-4373-97DF-8A34F72E810D}.Release|Any CPU.Build.0 = Release|Any CPU
	EndGlobalSection
	GlobalSection(SolutionProperties) = preSolution
		HideSolutionNode = FALSE
	EndGlobalSection
	GlobalSection(ExtensibilityGlobals) = postSolution
		SolutionGuid = {D3748CA5-5056-4348-841C-9652E346EDCF}
	EndGlobalSection
EndGlobal
